
Microsoft Visual Studio Solution File, Format Version 12.00
# Visual Studio 14
VisualStudioVersion = 14.0.25420.1
MinimumVisualStudioVersion = 10.0.40219.1
Project("{FAE04EC0-301F-11D3-BF4B-00C04F79EFBC}") = "YourUW", "YourUW\YourUW\YourUW.csproj", "{D7663FB7-FFDC-4FB4-9D7D-C72FD432F4AA}"
EndProject
Project("{FAE04EC0-301F-11D3-BF4B-00C04F79EFBC}") = "YourUW.Droid", "YourUW\YourUW.Droid\YourUW.Droid.csproj", "{B0023E10-96AC-4E1D-B8FB-874B384ECA54}"
EndProject
Project("{FAE04EC0-301F-11D3-BF4B-00C04F79EFBC}") = "YourUW.iOS", "YourUW\YourUW.iOS\YourUW.iOS.csproj", "{04585585-6EB7-4D4D-B32F-6F865C2D3D65}"
EndProject
Project("{FAE04EC0-301F-11D3-BF4B-00C04F79EFBC}") = "YourUW.WinPhone", "YourUW\YourUW.WinPhone\YourUW.WinPhone.csproj", "{20C64542-9A24-4093-A010-C7B08CF8CDB1}"
EndProject
Project("{FAE04EC0-301F-11D3-BF4B-00C04F79EFBC}") = "YourUW.UWP", "YourUW\YourUW.UWP\YourUW.UWP.csproj", "{E1D3B058-10A4-4DD1-90BE-85BFD88B75C2}"
EndProject
Project("{FAE04EC0-301F-11D3-BF4B-00C04F79EFBC}") = "YourUW.Windows", "YourUW\YourUW.Windows\YourUW.Windows.csproj", "{DC479AD4-97A9-4C1F-A5F6-CDF4F106A6E9}"
EndProject
Global
	GlobalSection(SolutionConfigurationPlatforms) = preSolution
		Ad-Hoc|Any CPU = Ad-Hoc|Any CPU
		Ad-Hoc|ARM = Ad-Hoc|ARM
		Ad-Hoc|iPhone = Ad-Hoc|iPhone
		Ad-Hoc|iPhoneSimulator = Ad-Hoc|iPhoneSimulator
		Ad-Hoc|x64 = Ad-Hoc|x64
		Ad-Hoc|x86 = Ad-Hoc|x86
		AppStore|Any CPU = AppStore|Any CPU
		AppStore|ARM = AppStore|ARM
		AppStore|iPhone = AppStore|iPhone
		AppStore|iPhoneSimulator = AppStore|iPhoneSimulator
		AppStore|x64 = AppStore|x64
		AppStore|x86 = AppStore|x86
		Debug|Any CPU = Debug|Any CPU
		Debug|ARM = Debug|ARM
		Debug|iPhone = Debug|iPhone
		Debug|iPhoneSimulator = Debug|iPhoneSimulator
		Debug|x64 = Debug|x64
		Debug|x86 = Debug|x86
		Release|Any CPU = Release|Any CPU
		Release|ARM = Release|ARM
		Release|iPhone = Release|iPhone
		Release|iPhoneSimulator = Release|iPhoneSimulator
		Release|x64 = Release|x64
		Release|x86 = Release|x86
	EndGlobalSection
	GlobalSection(ProjectConfigurationPlatforms) = postSolution
		{D7663FB7-FFDC-4FB4-9D7D-C72FD432F4AA}.Ad-Hoc|Any CPU.ActiveCfg = Release|Any CPU
		{D7663FB7-FFDC-4FB4-9D7D-C72FD432F4AA}.Ad-Hoc|Any CPU.Build.0 = Release|Any CPU
		{D7663FB7-FFDC-4FB4-9D7D-C72FD432F4AA}.Ad-Hoc|ARM.ActiveCfg = Release|Any CPU
		{D7663FB7-FFDC-4FB4-9D7D-C72FD432F4AA}.Ad-Hoc|ARM.Build.0 = Release|Any CPU
		{D7663FB7-FFDC-4FB4-9D7D-C72FD432F4AA}.Ad-Hoc|iPhone.ActiveCfg = Release|Any CPU
		{D7663FB7-FFDC-4FB4-9D7D-C72FD432F4AA}.Ad-Hoc|iPhone.Build.0 = Release|Any CPU
		{D7663FB7-FFDC-4FB4-9D7D-C72FD432F4AA}.Ad-Hoc|iPhoneSimulator.ActiveCfg = Release|Any CPU
		{D7663FB7-FFDC-4FB4-9D7D-C72FD432F4AA}.Ad-Hoc|iPhoneSimulator.Build.0 = Release|Any CPU
		{D7663FB7-FFDC-4FB4-9D7D-C72FD432F4AA}.Ad-Hoc|x64.ActiveCfg = Release|Any CPU
		{D7663FB7-FFDC-4FB4-9D7D-C72FD432F4AA}.Ad-Hoc|x64.Build.0 = Release|Any CPU
		{D7663FB7-FFDC-4FB4-9D7D-C72FD432F4AA}.Ad-Hoc|x86.ActiveCfg = Release|Any CPU
		{D7663FB7-FFDC-4FB4-9D7D-C72FD432F4AA}.Ad-Hoc|x86.Build.0 = Release|Any CPU
		{D7663FB7-FFDC-4FB4-9D7D-C72FD432F4AA}.AppStore|Any CPU.ActiveCfg = Release|Any CPU
		{D7663FB7-FFDC-4FB4-9D7D-C72FD432F4AA}.AppStore|Any CPU.Build.0 = Release|Any CPU
		{D7663FB7-FFDC-4FB4-9D7D-C72FD432F4AA}.AppStore|ARM.ActiveCfg = Release|Any CPU
		{D7663FB7-FFDC-4FB4-9D7D-C72FD432F4AA}.AppStore|ARM.Build.0 = Release|Any CPU
		{D7663FB7-FFDC-4FB4-9D7D-C72FD432F4AA}.AppStore|iPhone.ActiveCfg = Release|Any CPU
		{D7663FB7-FFDC-4FB4-9D7D-C72FD432F4AA}.AppStore|iPhone.Build.0 = Release|Any CPU
		{D7663FB7-FFDC-4FB4-9D7D-C72FD432F4AA}.AppStore|iPhoneSimulator.ActiveCfg = Release|Any CPU
		{D7663FB7-FFDC-4FB4-9D7D-C72FD432F4AA}.AppStore|iPhoneSimulator.Build.0 = Release|Any CPU
		{D7663FB7-FFDC-4FB4-9D7D-C72FD432F4AA}.AppStore|x64.ActiveCfg = Release|Any CPU
		{D7663FB7-FFDC-4FB4-9D7D-C72FD432F4AA}.AppStore|x64.Build.0 = Release|Any CPU
		{D7663FB7-FFDC-4FB4-9D7D-C72FD432F4AA}.AppStore|x86.ActiveCfg = Release|Any CPU
		{D7663FB7-FFDC-4FB4-9D7D-C72FD432F4AA}.AppStore|x86.Build.0 = Release|Any CPU
		{D7663FB7-FFDC-4FB4-9D7D-C72FD432F4AA}.Debug|Any CPU.ActiveCfg = Debug|Any CPU
		{D7663FB7-FFDC-4FB4-9D7D-C72FD432F4AA}.Debug|Any CPU.Build.0 = Debug|Any CPU
		{D7663FB7-FFDC-4FB4-9D7D-C72FD432F4AA}.Debug|ARM.ActiveCfg = Debug|Any CPU
		{D7663FB7-FFDC-4FB4-9D7D-C72FD432F4AA}.Debug|ARM.Build.0 = Debug|Any CPU
		{D7663FB7-FFDC-4FB4-9D7D-C72FD432F4AA}.Debug|iPhone.ActiveCfg = Debug|Any CPU
		{D7663FB7-FFDC-4FB4-9D7D-C72FD432F4AA}.Debug|iPhone.Build.0 = Debug|Any CPU
		{D7663FB7-FFDC-4FB4-9D7D-C72FD432F4AA}.Debug|iPhoneSimulator.ActiveCfg = Debug|Any CPU
		{D7663FB7-FFDC-4FB4-9D7D-C72FD432F4AA}.Debug|iPhoneSimulator.Build.0 = Debug|Any CPU
		{D7663FB7-FFDC-4FB4-9D7D-C72FD432F4AA}.Debug|x64.ActiveCfg = Debug|Any CPU
		{D7663FB7-FFDC-4FB4-9D7D-C72FD432F4AA}.Debug|x64.Build.0 = Debug|Any CPU
		{D7663FB7-FFDC-4FB4-9D7D-C72FD432F4AA}.Debug|x86.ActiveCfg = Debug|Any CPU
		{D7663FB7-FFDC-4FB4-9D7D-C72FD432F4AA}.Debug|x86.Build.0 = Debug|Any CPU
		{D7663FB7-FFDC-4FB4-9D7D-C72FD432F4AA}.Release|Any CPU.ActiveCfg = Release|Any CPU
		{D7663FB7-FFDC-4FB4-9D7D-C72FD432F4AA}.Release|Any CPU.Build.0 = Release|Any CPU
		{D7663FB7-FFDC-4FB4-9D7D-C72FD432F4AA}.Release|ARM.ActiveCfg = Release|Any CPU
		{D7663FB7-FFDC-4FB4-9D7D-C72FD432F4AA}.Release|ARM.Build.0 = Release|Any CPU
		{D7663FB7-FFDC-4FB4-9D7D-C72FD432F4AA}.Release|iPhone.ActiveCfg = Release|Any CPU
		{D7663FB7-FFDC-4FB4-9D7D-C72FD432F4AA}.Release|iPhone.Build.0 = Release|Any CPU
		{D7663FB7-FFDC-4FB4-9D7D-C72FD432F4AA}.Release|iPhoneSimulator.ActiveCfg = Release|Any CPU
		{D7663FB7-FFDC-4FB4-9D7D-C72FD432F4AA}.Release|iPhoneSimulator.Build.0 = Release|Any CPU
		{D7663FB7-FFDC-4FB4-9D7D-C72FD432F4AA}.Release|x64.ActiveCfg = Release|Any CPU
		{D7663FB7-FFDC-4FB4-9D7D-C72FD432F4AA}.Release|x64.Build.0 = Release|Any CPU
		{D7663FB7-FFDC-4FB4-9D7D-C72FD432F4AA}.Release|x86.ActiveCfg = Release|Any CPU
		{D7663FB7-FFDC-4FB4-9D7D-C72FD432F4AA}.Release|x86.Build.0 = Release|Any CPU
		{B0023E10-96AC-4E1D-B8FB-874B384ECA54}.Ad-Hoc|Any CPU.ActiveCfg = Release|Any CPU
		{B0023E10-96AC-4E1D-B8FB-874B384ECA54}.Ad-Hoc|Any CPU.Build.0 = Release|Any CPU
		{B0023E10-96AC-4E1D-B8FB-874B384ECA54}.Ad-Hoc|Any CPU.Deploy.0 = Release|Any CPU
		{B0023E10-96AC-4E1D-B8FB-874B384ECA54}.Ad-Hoc|ARM.ActiveCfg = Release|Any CPU
		{B0023E10-96AC-4E1D-B8FB-874B384ECA54}.Ad-Hoc|ARM.Build.0 = Release|Any CPU
		{B0023E10-96AC-4E1D-B8FB-874B384ECA54}.Ad-Hoc|ARM.Deploy.0 = Release|Any CPU
		{B0023E10-96AC-4E1D-B8FB-874B384ECA54}.Ad-Hoc|iPhone.ActiveCfg = Release|Any CPU
		{B0023E10-96AC-4E1D-B8FB-874B384ECA54}.Ad-Hoc|iPhone.Build.0 = Release|Any CPU
		{B0023E10-96AC-4E1D-B8FB-874B384ECA54}.Ad-Hoc|iPhone.Deploy.0 = Release|Any CPU
		{B0023E10-96AC-4E1D-B8FB-874B384ECA54}.Ad-Hoc|iPhoneSimulator.ActiveCfg = Release|Any CPU
		{B0023E10-96AC-4E1D-B8FB-874B384ECA54}.Ad-Hoc|iPhoneSimulator.Build.0 = Release|Any CPU
		{B0023E10-96AC-4E1D-B8FB-874B384ECA54}.Ad-Hoc|iPhoneSimulator.Deploy.0 = Release|Any CPU
		{B0023E10-96AC-4E1D-B8FB-874B384ECA54}.Ad-Hoc|x64.ActiveCfg = Release|Any CPU
		{B0023E10-96AC-4E1D-B8FB-874B384ECA54}.Ad-Hoc|x64.Build.0 = Release|Any CPU
		{B0023E10-96AC-4E1D-B8FB-874B384ECA54}.Ad-Hoc|x64.Deploy.0 = Release|Any CPU
		{B0023E10-96AC-4E1D-B8FB-874B384ECA54}.Ad-Hoc|x86.ActiveCfg = Release|Any CPU
		{B0023E10-96AC-4E1D-B8FB-874B384ECA54}.Ad-Hoc|x86.Build.0 = Release|Any CPU
		{B0023E10-96AC-4E1D-B8FB-874B384ECA54}.Ad-Hoc|x86.Deploy.0 = Release|Any CPU
		{B0023E10-96AC-4E1D-B8FB-874B384ECA54}.AppStore|Any CPU.ActiveCfg = Release|Any CPU
		{B0023E10-96AC-4E1D-B8FB-874B384ECA54}.AppStore|Any CPU.Build.0 = Release|Any CPU
		{B0023E10-96AC-4E1D-B8FB-874B384ECA54}.AppStore|Any CPU.Deploy.0 = Release|Any CPU
		{B0023E10-96AC-4E1D-B8FB-874B384ECA54}.AppStore|ARM.ActiveCfg = Release|Any CPU
		{B0023E10-96AC-4E1D-B8FB-874B384ECA54}.AppStore|ARM.Build.0 = Release|Any CPU
		{B0023E10-96AC-4E1D-B8FB-874B384ECA54}.AppStore|ARM.Deploy.0 = Release|Any CPU
		{B0023E10-96AC-4E1D-B8FB-874B384ECA54}.AppStore|iPhone.ActiveCfg = Release|Any CPU
		{B0023E10-96AC-4E1D-B8FB-874B384ECA54}.AppStore|iPhone.Build.0 = Release|Any CPU
		{B0023E10-96AC-4E1D-B8FB-874B384ECA54}.AppStore|iPhone.Deploy.0 = Release|Any CPU
		{B0023E10-96AC-4E1D-B8FB-874B384ECA54}.AppStore|iPhoneSimulator.ActiveCfg = Release|Any CPU
		{B0023E10-96AC-4E1D-B8FB-874B384ECA54}.AppStore|iPhoneSimulator.Build.0 = Release|Any CPU
		{B0023E10-96AC-4E1D-B8FB-874B384ECA54}.AppStore|iPhoneSimulator.Deploy.0 = Release|Any CPU
		{B0023E10-96AC-4E1D-B8FB-874B384ECA54}.AppStore|x64.ActiveCfg = Release|Any CPU
		{B0023E10-96AC-4E1D-B8FB-874B384ECA54}.AppStore|x64.Build.0 = Release|Any CPU
		{B0023E10-96AC-4E1D-B8FB-874B384ECA54}.AppStore|x64.Deploy.0 = Release|Any CPU
		{B0023E10-96AC-4E1D-B8FB-874B384ECA54}.AppStore|x86.ActiveCfg = Release|Any CPU
		{B0023E10-96AC-4E1D-B8FB-874B384ECA54}.AppStore|x86.Build.0 = Release|Any CPU
		{B0023E10-96AC-4E1D-B8FB-874B384ECA54}.AppStore|x86.Deploy.0 = Release|Any CPU
		{B0023E10-96AC-4E1D-B8FB-874B384ECA54}.Debug|Any CPU.ActiveCfg = Debug|Any CPU
		{B0023E10-96AC-4E1D-B8FB-874B384ECA54}.Debug|Any CPU.Build.0 = Debug|Any CPU
		{B0023E10-96AC-4E1D-B8FB-874B384ECA54}.Debug|Any CPU.Deploy.0 = Debug|Any CPU
		{B0023E10-96AC-4E1D-B8FB-874B384ECA54}.Debug|ARM.ActiveCfg = Debug|Any CPU
		{B0023E10-96AC-4E1D-B8FB-874B384ECA54}.Debug|ARM.Build.0 = Debug|Any CPU
		{B0023E10-96AC-4E1D-B8FB-874B384ECA54}.Debug|ARM.Deploy.0 = Debug|Any CPU
		{B0023E10-96AC-4E1D-B8FB-874B384ECA54}.Debug|iPhone.ActiveCfg = Debug|Any CPU
		{B0023E10-96AC-4E1D-B8FB-874B384ECA54}.Debug|iPhone.Build.0 = Debug|Any CPU
		{B0023E10-96AC-4E1D-B8FB-874B384ECA54}.Debug|iPhone.Deploy.0 = Debug|Any CPU
		{B0023E10-96AC-4E1D-B8FB-874B384ECA54}.Debug|iPhoneSimulator.ActiveCfg = Debug|Any CPU
		{B0023E10-96AC-4E1D-B8FB-874B384ECA54}.Debug|iPhoneSimulator.Build.0 = Debug|Any CPU
		{B0023E10-96AC-4E1D-B8FB-874B384ECA54}.Debug|iPhoneSimulator.Deploy.0 = Debug|Any CPU
		{B0023E10-96AC-4E1D-B8FB-874B384ECA54}.Debug|x64.ActiveCfg = Debug|Any CPU
		{B0023E10-96AC-4E1D-B8FB-874B384ECA54}.Debug|x64.Build.0 = Debug|Any CPU
		{B0023E10-96AC-4E1D-B8FB-874B384ECA54}.Debug|x64.Deploy.0 = Debug|Any CPU
		{B0023E10-96AC-4E1D-B8FB-874B384ECA54}.Debug|x86.ActiveCfg = Debug|Any CPU
		{B0023E10-96AC-4E1D-B8FB-874B384ECA54}.Debug|x86.Build.0 = Debug|Any CPU
		{B0023E10-96AC-4E1D-B8FB-874B384ECA54}.Debug|x86.Deploy.0 = Debug|Any CPU
		{B0023E10-96AC-4E1D-B8FB-874B384ECA54}.Release|Any CPU.ActiveCfg = Release|Any CPU
		{B0023E10-96AC-4E1D-B8FB-874B384ECA54}.Release|Any CPU.Build.0 = Release|Any CPU
		{B0023E10-96AC-4E1D-B8FB-874B384ECA54}.Release|Any CPU.Deploy.0 = Release|Any CPU
		{B0023E10-96AC-4E1D-B8FB-874B384ECA54}.Release|ARM.ActiveCfg = Release|Any CPU
		{B0023E10-96AC-4E1D-B8FB-874B384ECA54}.Release|ARM.Build.0 = Release|Any CPU
		{B0023E10-96AC-4E1D-B8FB-874B384ECA54}.Release|ARM.Deploy.0 = Release|Any CPU
		{B0023E10-96AC-4E1D-B8FB-874B384ECA54}.Release|iPhone.ActiveCfg = Release|Any CPU
		{B0023E10-96AC-4E1D-B8FB-874B384ECA54}.Release|iPhone.Build.0 = Release|Any CPU
		{B0023E10-96AC-4E1D-B8FB-874B384ECA54}.Release|iPhone.Deploy.0 = Release|Any CPU
		{B0023E10-96AC-4E1D-B8FB-874B384ECA54}.Release|iPhoneSimulator.ActiveCfg = Release|Any CPU
		{B0023E10-96AC-4E1D-B8FB-874B384ECA54}.Release|iPhoneSimulator.Build.0 = Release|Any CPU
		{B0023E10-96AC-4E1D-B8FB-874B384ECA54}.Release|iPhoneSimulator.Deploy.0 = Release|Any CPU
		{B0023E10-96AC-4E1D-B8FB-874B384ECA54}.Release|x64.ActiveCfg = Release|Any CPU
		{B0023E10-96AC-4E1D-B8FB-874B384ECA54}.Release|x64.Build.0 = Release|Any CPU
		{B0023E10-96AC-4E1D-B8FB-874B384ECA54}.Release|x64.Deploy.0 = Release|Any CPU
		{B0023E10-96AC-4E1D-B8FB-874B384ECA54}.Release|x86.ActiveCfg = Release|Any CPU
		{B0023E10-96AC-4E1D-B8FB-874B384ECA54}.Release|x86.Build.0 = Release|Any CPU
		{B0023E10-96AC-4E1D-B8FB-874B384ECA54}.Release|x86.Deploy.0 = Release|Any CPU
		{04585585-6EB7-4D4D-B32F-6F865C2D3D65}.Ad-Hoc|Any CPU.ActiveCfg = Ad-Hoc|iPhone
		{04585585-6EB7-4D4D-B32F-6F865C2D3D65}.Ad-Hoc|ARM.ActiveCfg = Ad-Hoc|iPhone
		{04585585-6EB7-4D4D-B32F-6F865C2D3D65}.Ad-Hoc|iPhone.ActiveCfg = Ad-Hoc|iPhone
		{04585585-6EB7-4D4D-B32F-6F865C2D3D65}.Ad-Hoc|iPhone.Build.0 = Ad-Hoc|iPhone
		{04585585-6EB7-4D4D-B32F-6F865C2D3D65}.Ad-Hoc|iPhoneSimulator.ActiveCfg = Ad-Hoc|iPhoneSimulator
		{04585585-6EB7-4D4D-B32F-6F865C2D3D65}.Ad-Hoc|iPhoneSimulator.Build.0 = Ad-Hoc|iPhoneSimulator
		{04585585-6EB7-4D4D-B32F-6F865C2D3D65}.Ad-Hoc|x64.ActiveCfg = Ad-Hoc|iPhone
		{04585585-6EB7-4D4D-B32F-6F865C2D3D65}.Ad-Hoc|x86.ActiveCfg = Ad-Hoc|iPhone
		{04585585-6EB7-4D4D-B32F-6F865C2D3D65}.AppStore|Any CPU.ActiveCfg = AppStore|iPhone
		{04585585-6EB7-4D4D-B32F-6F865C2D3D65}.AppStore|ARM.ActiveCfg = AppStore|iPhone
		{04585585-6EB7-4D4D-B32F-6F865C2D3D65}.AppStore|iPhone.ActiveCfg = AppStore|iPhone
		{04585585-6EB7-4D4D-B32F-6F865C2D3D65}.AppStore|iPhone.Build.0 = AppStore|iPhone
		{04585585-6EB7-4D4D-B32F-6F865C2D3D65}.AppStore|iPhoneSimulator.ActiveCfg = AppStore|iPhoneSimulator
		{04585585-6EB7-4D4D-B32F-6F865C2D3D65}.AppStore|iPhoneSimulator.Build.0 = AppStore|iPhoneSimulator
		{04585585-6EB7-4D4D-B32F-6F865C2D3D65}.AppStore|x64.ActiveCfg = AppStore|iPhone
		{04585585-6EB7-4D4D-B32F-6F865C2D3D65}.AppStore|x86.ActiveCfg = AppStore|iPhone
		{04585585-6EB7-4D4D-B32F-6F865C2D3D65}.Debug|Any CPU.ActiveCfg = Debug|iPhone
		{04585585-6EB7-4D4D-B32F-6F865C2D3D65}.Debug|ARM.ActiveCfg = Debug|iPhone
		{04585585-6EB7-4D4D-B32F-6F865C2D3D65}.Debug|iPhone.ActiveCfg = Debug|iPhone
		{04585585-6EB7-4D4D-B32F-6F865C2D3D65}.Debug|iPhone.Build.0 = Debug|iPhone
		{04585585-6EB7-4D4D-B32F-6F865C2D3D65}.Debug|iPhoneSimulator.ActiveCfg = Debug|iPhoneSimulator
		{04585585-6EB7-4D4D-B32F-6F865C2D3D65}.Debug|iPhoneSimulator.Build.0 = Debug|iPhoneSimulator
		{04585585-6EB7-4D4D-B32F-6F865C2D3D65}.Debug|x64.ActiveCfg = Debug|iPhone
		{04585585-6EB7-4D4D-B32F-6F865C2D3D65}.Debug|x86.ActiveCfg = Debug|iPhone
		{04585585-6EB7-4D4D-B32F-6F865C2D3D65}.Release|Any CPU.ActiveCfg = Release|iPhone
		{04585585-6EB7-4D4D-B32F-6F865C2D3D65}.Release|ARM.ActiveCfg = Release|iPhone
		{04585585-6EB7-4D4D-B32F-6F865C2D3D65}.Release|iPhone.ActiveCfg = Release|iPhone
		{04585585-6EB7-4D4D-B32F-6F865C2D3D65}.Release|iPhone.Build.0 = Release|iPhone
		{04585585-6EB7-4D4D-B32F-6F865C2D3D65}.Release|iPhoneSimulator.ActiveCfg = Release|iPhoneSimulator
		{04585585-6EB7-4D4D-B32F-6F865C2D3D65}.Release|iPhoneSimulator.Build.0 = Release|iPhoneSimulator
		{04585585-6EB7-4D4D-B32F-6F865C2D3D65}.Release|x64.ActiveCfg = Release|iPhone
		{04585585-6EB7-4D4D-B32F-6F865C2D3D65}.Release|x86.ActiveCfg = Release|iPhone
		{20C64542-9A24-4093-A010-C7B08CF8CDB1}.Ad-Hoc|Any CPU.ActiveCfg = Release|Any CPU
		{20C64542-9A24-4093-A010-C7B08CF8CDB1}.Ad-Hoc|Any CPU.Build.0 = Release|Any CPU
		{20C64542-9A24-4093-A010-C7B08CF8CDB1}.Ad-Hoc|Any CPU.Deploy.0 = Release|Any CPU
		{20C64542-9A24-4093-A010-C7B08CF8CDB1}.Ad-Hoc|ARM.ActiveCfg = Release|ARM
		{20C64542-9A24-4093-A010-C7B08CF8CDB1}.Ad-Hoc|ARM.Build.0 = Release|ARM
		{20C64542-9A24-4093-A010-C7B08CF8CDB1}.Ad-Hoc|ARM.Deploy.0 = Release|ARM
		{20C64542-9A24-4093-A010-C7B08CF8CDB1}.Ad-Hoc|iPhone.ActiveCfg = Release|Any CPU
		{20C64542-9A24-4093-A010-C7B08CF8CDB1}.Ad-Hoc|iPhone.Build.0 = Release|Any CPU
		{20C64542-9A24-4093-A010-C7B08CF8CDB1}.Ad-Hoc|iPhone.Deploy.0 = Release|Any CPU
		{20C64542-9A24-4093-A010-C7B08CF8CDB1}.Ad-Hoc|iPhoneSimulator.ActiveCfg = Release|Any CPU
		{20C64542-9A24-4093-A010-C7B08CF8CDB1}.Ad-Hoc|iPhoneSimulator.Build.0 = Release|Any CPU
		{20C64542-9A24-4093-A010-C7B08CF8CDB1}.Ad-Hoc|iPhoneSimulator.Deploy.0 = Release|Any CPU
		{20C64542-9A24-4093-A010-C7B08CF8CDB1}.Ad-Hoc|x64.ActiveCfg = Release|Any CPU
		{20C64542-9A24-4093-A010-C7B08CF8CDB1}.Ad-Hoc|x64.Build.0 = Release|Any CPU
		{20C64542-9A24-4093-A010-C7B08CF8CDB1}.Ad-Hoc|x64.Deploy.0 = Release|Any CPU
		{20C64542-9A24-4093-A010-C7B08CF8CDB1}.Ad-Hoc|x86.ActiveCfg = Release|x86
		{20C64542-9A24-4093-A010-C7B08CF8CDB1}.Ad-Hoc|x86.Build.0 = Release|x86
		{20C64542-9A24-4093-A010-C7B08CF8CDB1}.Ad-Hoc|x86.Deploy.0 = Release|x86
		{20C64542-9A24-4093-A010-C7B08CF8CDB1}.AppStore|Any CPU.ActiveCfg = Release|Any CPU
		{20C64542-9A24-4093-A010-C7B08CF8CDB1}.AppStore|Any CPU.Build.0 = Release|Any CPU
		{20C64542-9A24-4093-A010-C7B08CF8CDB1}.AppStore|Any CPU.Deploy.0 = Release|Any CPU
		{20C64542-9A24-4093-A010-C7B08CF8CDB1}.AppStore|ARM.ActiveCfg = Release|ARM
		{20C64542-9A24-4093-A010-C7B08CF8CDB1}.AppStore|ARM.Build.0 = Release|ARM
		{20C64542-9A24-4093-A010-C7B08CF8CDB1}.AppStore|ARM.Deploy.0 = Release|ARM
		{20C64542-9A24-4093-A010-C7B08CF8CDB1}.AppStore|iPhone.ActiveCfg = Release|Any CPU
		{20C64542-9A24-4093-A010-C7B08CF8CDB1}.AppStore|iPhone.Build.0 = Release|Any CPU
		{20C64542-9A24-4093-A010-C7B08CF8CDB1}.AppStore|iPhone.Deploy.0 = Release|Any CPU
		{20C64542-9A24-4093-A010-C7B08CF8CDB1}.AppStore|iPhoneSimulator.ActiveCfg = Release|Any CPU
		{20C64542-9A24-4093-A010-C7B08CF8CDB1}.AppStore|iPhoneSimulator.Build.0 = Release|Any CPU
		{20C64542-9A24-4093-A010-C7B08CF8CDB1}.AppStore|iPhoneSimulator.Deploy.0 = Release|Any CPU
		{20C64542-9A24-4093-A010-C7B08CF8CDB1}.AppStore|x64.ActiveCfg = Release|Any CPU
		{20C64542-9A24-4093-A010-C7B08CF8CDB1}.AppStore|x64.Build.0 = Release|Any CPU
		{20C64542-9A24-4093-A010-C7B08CF8CDB1}.AppStore|x64.Deploy.0 = Release|Any CPU
		{20C64542-9A24-4093-A010-C7B08CF8CDB1}.AppStore|x86.ActiveCfg = Release|x86
		{20C64542-9A24-4093-A010-C7B08CF8CDB1}.AppStore|x86.Build.0 = Release|x86
		{20C64542-9A24-4093-A010-C7B08CF8CDB1}.AppStore|x86.Deploy.0 = Release|x86
		{20C64542-9A24-4093-A010-C7B08CF8CDB1}.Debug|Any CPU.ActiveCfg = Debug|Any CPU
		{20C64542-9A24-4093-A010-C7B08CF8CDB1}.Debug|Any CPU.Build.0 = Debug|Any CPU
		{20C64542-9A24-4093-A010-C7B08CF8CDB1}.Debug|Any CPU.Deploy.0 = Debug|Any CPU
		{20C64542-9A24-4093-A010-C7B08CF8CDB1}.Debug|ARM.ActiveCfg = Debug|ARM
		{20C64542-9A24-4093-A010-C7B08CF8CDB1}.Debug|ARM.Build.0 = Debug|ARM
		{20C64542-9A24-4093-A010-C7B08CF8CDB1}.Debug|ARM.Deploy.0 = Debug|ARM
		{20C64542-9A24-4093-A010-C7B08CF8CDB1}.Debug|iPhone.ActiveCfg = Debug|Any CPU
		{20C64542-9A24-4093-A010-C7B08CF8CDB1}.Debug|iPhone.Build.0 = Debug|Any CPU
		{20C64542-9A24-4093-A010-C7B08CF8CDB1}.Debug|iPhone.Deploy.0 = Debug|Any CPU
		{20C64542-9A24-4093-A010-C7B08CF8CDB1}.Debug|iPhoneSimulator.ActiveCfg = Debug|Any CPU
		{20C64542-9A24-4093-A010-C7B08CF8CDB1}.Debug|iPhoneSimulator.Build.0 = Debug|Any CPU
		{20C64542-9A24-4093-A010-C7B08CF8CDB1}.Debug|iPhoneSimulator.Deploy.0 = Debug|Any CPU
		{20C64542-9A24-4093-A010-C7B08CF8CDB1}.Debug|x64.ActiveCfg = Debug|Any CPU
		{20C64542-9A24-4093-A010-C7B08CF8CDB1}.Debug|x64.Build.0 = Debug|Any CPU
		{20C64542-9A24-4093-A010-C7B08CF8CDB1}.Debug|x64.Deploy.0 = Debug|Any CPU
		{20C64542-9A24-4093-A010-C7B08CF8CDB1}.Debug|x86.ActiveCfg = Debug|x86
		{20C64542-9A24-4093-A010-C7B08CF8CDB1}.Debug|x86.Build.0 = Debug|x86
		{20C64542-9A24-4093-A010-C7B08CF8CDB1}.Debug|x86.Deploy.0 = Debug|x86
		{20C64542-9A24-4093-A010-C7B08CF8CDB1}.Release|Any CPU.ActiveCfg = Release|Any CPU
		{20C64542-9A24-4093-A010-C7B08CF8CDB1}.Release|Any CPU.Build.0 = Release|Any CPU
		{20C64542-9A24-4093-A010-C7B08CF8CDB1}.Release|Any CPU.Deploy.0 = Release|Any CPU
		{20C64542-9A24-4093-A010-C7B08CF8CDB1}.Release|ARM.ActiveCfg = Release|ARM
		{20C64542-9A24-4093-A010-C7B08CF8CDB1}.Release|ARM.Build.0 = Release|ARM
		{20C64542-9A24-4093-A010-C7B08CF8CDB1}.Release|ARM.Deploy.0 = Release|ARM
		{20C64542-9A24-4093-A010-C7B08CF8CDB1}.Release|iPhone.ActiveCfg = Release|Any CPU
		{20C64542-9A24-4093-A010-C7B08CF8CDB1}.Release|iPhone.Build.0 = Release|Any CPU
		{20C64542-9A24-4093-A010-C7B08CF8CDB1}.Release|iPhone.Deploy.0 = Release|Any CPU
		{20C64542-9A24-4093-A010-C7B08CF8CDB1}.Release|iPhoneSimulator.ActiveCfg = Release|Any CPU
		{20C64542-9A24-4093-A010-C7B08CF8CDB1}.Release|iPhoneSimulator.Build.0 = Release|Any CPU
		{20C64542-9A24-4093-A010-C7B08CF8CDB1}.Release|iPhoneSimulator.Deploy.0 = Release|Any CPU
		{20C64542-9A24-4093-A010-C7B08CF8CDB1}.Release|x64.ActiveCfg = Release|Any CPU
		{20C64542-9A24-4093-A010-C7B08CF8CDB1}.Release|x64.Build.0 = Release|Any CPU
		{20C64542-9A24-4093-A010-C7B08CF8CDB1}.Release|x64.Deploy.0 = Release|Any CPU
		{20C64542-9A24-4093-A010-C7B08CF8CDB1}.Release|x86.ActiveCfg = Release|x86
		{20C64542-9A24-4093-A010-C7B08CF8CDB1}.Release|x86.Build.0 = Release|x86
		{20C64542-9A24-4093-A010-C7B08CF8CDB1}.Release|x86.Deploy.0 = Release|x86
		{E1D3B058-10A4-4DD1-90BE-85BFD88B75C2}.Ad-Hoc|Any CPU.ActiveCfg = Release|x86
		{E1D3B058-10A4-4DD1-90BE-85BFD88B75C2}.Ad-Hoc|Any CPU.Build.0 = Release|x86
		{E1D3B058-10A4-4DD1-90BE-85BFD88B75C2}.Ad-Hoc|Any CPU.Deploy.0 = Release|x86
		{E1D3B058-10A4-4DD1-90BE-85BFD88B75C2}.Ad-Hoc|ARM.ActiveCfg = Release|ARM
		{E1D3B058-10A4-4DD1-90BE-85BFD88B75C2}.Ad-Hoc|ARM.Build.0 = Release|ARM
		{E1D3B058-10A4-4DD1-90BE-85BFD88B75C2}.Ad-Hoc|ARM.Deploy.0 = Release|ARM
		{E1D3B058-10A4-4DD1-90BE-85BFD88B75C2}.Ad-Hoc|iPhone.ActiveCfg = Release|x86
		{E1D3B058-10A4-4DD1-90BE-85BFD88B75C2}.Ad-Hoc|iPhone.Build.0 = Release|x86
		{E1D3B058-10A4-4DD1-90BE-85BFD88B75C2}.Ad-Hoc|iPhone.Deploy.0 = Release|x86
		{E1D3B058-10A4-4DD1-90BE-85BFD88B75C2}.Ad-Hoc|iPhoneSimulator.ActiveCfg = Release|x86
		{E1D3B058-10A4-4DD1-90BE-85BFD88B75C2}.Ad-Hoc|iPhoneSimulator.Build.0 = Release|x86
		{E1D3B058-10A4-4DD1-90BE-85BFD88B75C2}.Ad-Hoc|iPhoneSimulator.Deploy.0 = Release|x86
		{E1D3B058-10A4-4DD1-90BE-85BFD88B75C2}.Ad-Hoc|x64.ActiveCfg = Release|x64
		{E1D3B058-10A4-4DD1-90BE-85BFD88B75C2}.Ad-Hoc|x64.Build.0 = Release|x64
		{E1D3B058-10A4-4DD1-90BE-85BFD88B75C2}.Ad-Hoc|x64.Deploy.0 = Release|x64
		{E1D3B058-10A4-4DD1-90BE-85BFD88B75C2}.Ad-Hoc|x86.ActiveCfg = Release|x86
		{E1D3B058-10A4-4DD1-90BE-85BFD88B75C2}.Ad-Hoc|x86.Build.0 = Release|x86
		{E1D3B058-10A4-4DD1-90BE-85BFD88B75C2}.Ad-Hoc|x86.Deploy.0 = Release|x86
		{E1D3B058-10A4-4DD1-90BE-85BFD88B75C2}.AppStore|Any CPU.ActiveCfg = Release|x86
		{E1D3B058-10A4-4DD1-90BE-85BFD88B75C2}.AppStore|Any CPU.Build.0 = Release|x86
		{E1D3B058-10A4-4DD1-90BE-85BFD88B75C2}.AppStore|Any CPU.Deploy.0 = Release|x86
		{E1D3B058-10A4-4DD1-90BE-85BFD88B75C2}.AppStore|ARM.ActiveCfg = Release|ARM
		{E1D3B058-10A4-4DD1-90BE-85BFD88B75C2}.AppStore|ARM.Build.0 = Release|ARM
		{E1D3B058-10A4-4DD1-90BE-85BFD88B75C2}.AppStore|ARM.Deploy.0 = Release|ARM
		{E1D3B058-10A4-4DD1-90BE-85BFD88B75C2}.AppStore|iPhone.ActiveCfg = Release|x86
		{E1D3B058-10A4-4DD1-90BE-85BFD88B75C2}.AppStore|iPhone.Build.0 = Release|x86
		{E1D3B058-10A4-4DD1-90BE-85BFD88B75C2}.AppStore|iPhone.Deploy.0 = Release|x86
		{E1D3B058-10A4-4DD1-90BE-85BFD88B75C2}.AppStore|iPhoneSimulator.ActiveCfg = Release|x86
		{E1D3B058-10A4-4DD1-90BE-85BFD88B75C2}.AppStore|iPhoneSimulator.Build.0 = Release|x86
		{E1D3B058-10A4-4DD1-90BE-85BFD88B75C2}.AppStore|iPhoneSimulator.Deploy.0 = Release|x86
		{E1D3B058-10A4-4DD1-90BE-85BFD88B75C2}.AppStore|x64.ActiveCfg = Release|x64
		{E1D3B058-10A4-4DD1-90BE-85BFD88B75C2}.AppStore|x64.Build.0 = Release|x64
		{E1D3B058-10A4-4DD1-90BE-85BFD88B75C2}.AppStore|x64.Deploy.0 = Release|x64
		{E1D3B058-10A4-4DD1-90BE-85BFD88B75C2}.AppStore|x86.ActiveCfg = Release|x86
		{E1D3B058-10A4-4DD1-90BE-85BFD88B75C2}.AppStore|x86.Build.0 = Release|x86
		{E1D3B058-10A4-4DD1-90BE-85BFD88B75C2}.AppStore|x86.Deploy.0 = Release|x86
		{E1D3B058-10A4-4DD1-90BE-85BFD88B75C2}.Debug|Any CPU.ActiveCfg = Debug|x86
		{E1D3B058-10A4-4DD1-90BE-85BFD88B75C2}.Debug|ARM.ActiveCfg = Debug|ARM
		{E1D3B058-10A4-4DD1-90BE-85BFD88B75C2}.Debug|ARM.Build.0 = Debug|ARM
		{E1D3B058-10A4-4DD1-90BE-85BFD88B75C2}.Debug|ARM.Deploy.0 = Debug|ARM
		{E1D3B058-10A4-4DD1-90BE-85BFD88B75C2}.Debug|iPhone.ActiveCfg = Debug|x86
		{E1D3B058-10A4-4DD1-90BE-85BFD88B75C2}.Debug|iPhoneSimulator.ActiveCfg = Debug|x86
		{E1D3B058-10A4-4DD1-90BE-85BFD88B75C2}.Debug|x64.ActiveCfg = Debug|x64
		{E1D3B058-10A4-4DD1-90BE-85BFD88B75C2}.Debug|x64.Build.0 = Debug|x64
		{E1D3B058-10A4-4DD1-90BE-85BFD88B75C2}.Debug|x64.Deploy.0 = Debug|x64
		{E1D3B058-10A4-4DD1-90BE-85BFD88B75C2}.Debug|x86.ActiveCfg = Debug|x86
		{E1D3B058-10A4-4DD1-90BE-85BFD88B75C2}.Debug|x86.Build.0 = Debug|x86
		{E1D3B058-10A4-4DD1-90BE-85BFD88B75C2}.Debug|x86.Deploy.0 = Debug|x86
		{E1D3B058-10A4-4DD1-90BE-85BFD88B75C2}.Release|Any CPU.ActiveCfg = Release|x86
		{E1D3B058-10A4-4DD1-90BE-85BFD88B75C2}.Release|ARM.ActiveCfg = Release|ARM
		{E1D3B058-10A4-4DD1-90BE-85BFD88B75C2}.Release|ARM.Build.0 = Release|ARM
		{E1D3B058-10A4-4DD1-90BE-85BFD88B75C2}.Release|ARM.Deploy.0 = Release|ARM
		{E1D3B058-10A4-4DD1-90BE-85BFD88B75C2}.Release|iPhone.ActiveCfg = Release|x86
		{E1D3B058-10A4-4DD1-90BE-85BFD88B75C2}.Release|iPhoneSimulator.ActiveCfg = Release|x86
		{E1D3B058-10A4-4DD1-90BE-85BFD88B75C2}.Release|x64.ActiveCfg = Release|x64
		{E1D3B058-10A4-4DD1-90BE-85BFD88B75C2}.Release|x64.Build.0 = Release|x64
		{E1D3B058-10A4-4DD1-90BE-85BFD88B75C2}.Release|x64.Deploy.0 = Release|x64
		{E1D3B058-10A4-4DD1-90BE-85BFD88B75C2}.Release|x86.ActiveCfg = Release|x86
		{E1D3B058-10A4-4DD1-90BE-85BFD88B75C2}.Release|x86.Build.0 = Release|x86
		{E1D3B058-10A4-4DD1-90BE-85BFD88B75C2}.Release|x86.Deploy.0 = Release|x86
		{DC479AD4-97A9-4C1F-A5F6-CDF4F106A6E9}.Ad-Hoc|Any CPU.ActiveCfg = Release|Any CPU
		{DC479AD4-97A9-4C1F-A5F6-CDF4F106A6E9}.Ad-Hoc|Any CPU.Build.0 = Release|Any CPU
		{DC479AD4-97A9-4C1F-A5F6-CDF4F106A6E9}.Ad-Hoc|Any CPU.Deploy.0 = Release|Any CPU
		{DC479AD4-97A9-4C1F-A5F6-CDF4F106A6E9}.Ad-Hoc|ARM.ActiveCfg = Release|ARM
		{DC479AD4-97A9-4C1F-A5F6-CDF4F106A6E9}.Ad-Hoc|ARM.Build.0 = Release|ARM
		{DC479AD4-97A9-4C1F-A5F6-CDF4F106A6E9}.Ad-Hoc|ARM.Deploy.0 = Release|ARM
		{DC479AD4-97A9-4C1F-A5F6-CDF4F106A6E9}.Ad-Hoc|iPhone.ActiveCfg = Release|Any CPU
		{DC479AD4-97A9-4C1F-A5F6-CDF4F106A6E9}.Ad-Hoc|iPhone.Build.0 = Release|Any CPU
		{DC479AD4-97A9-4C1F-A5F6-CDF4F106A6E9}.Ad-Hoc|iPhone.Deploy.0 = Release|Any CPU
		{DC479AD4-97A9-4C1F-A5F6-CDF4F106A6E9}.Ad-Hoc|iPhoneSimulator.ActiveCfg = Release|Any CPU
		{DC479AD4-97A9-4C1F-A5F6-CDF4F106A6E9}.Ad-Hoc|iPhoneSimulator.Build.0 = Release|Any CPU
		{DC479AD4-97A9-4C1F-A5F6-CDF4F106A6E9}.Ad-Hoc|iPhoneSimulator.Deploy.0 = Release|Any CPU
		{DC479AD4-97A9-4C1F-A5F6-CDF4F106A6E9}.Ad-Hoc|x64.ActiveCfg = Release|x64
		{DC479AD4-97A9-4C1F-A5F6-CDF4F106A6E9}.Ad-Hoc|x64.Build.0 = Release|x64
		{DC479AD4-97A9-4C1F-A5F6-CDF4F106A6E9}.Ad-Hoc|x64.Deploy.0 = Release|x64
		{DC479AD4-97A9-4C1F-A5F6-CDF4F106A6E9}.Ad-Hoc|x86.ActiveCfg = Release|x86
		{DC479AD4-97A9-4C1F-A5F6-CDF4F106A6E9}.Ad-Hoc|x86.Build.0 = Release|x86
		{DC479AD4-97A9-4C1F-A5F6-CDF4F106A6E9}.Ad-Hoc|x86.Deploy.0 = Release|x86
		{DC479AD4-97A9-4C1F-A5F6-CDF4F106A6E9}.AppStore|Any CPU.ActiveCfg = Release|Any CPU
		{DC479AD4-97A9-4C1F-A5F6-CDF4F106A6E9}.AppStore|Any CPU.Build.0 = Release|Any CPU
		{DC479AD4-97A9-4C1F-A5F6-CDF4F106A6E9}.AppStore|Any CPU.Deploy.0 = Release|Any CPU
		{DC479AD4-97A9-4C1F-A5F6-CDF4F106A6E9}.AppStore|ARM.ActiveCfg = Release|ARM
		{DC479AD4-97A9-4C1F-A5F6-CDF4F106A6E9}.AppStore|ARM.Build.0 = Release|ARM
		{DC479AD4-97A9-4C1F-A5F6-CDF4F106A6E9}.AppStore|ARM.Deploy.0 = Release|ARM
		{DC479AD4-97A9-4C1F-A5F6-CDF4F106A6E9}.AppStore|iPhone.ActiveCfg = Release|Any CPU
		{DC479AD4-97A9-4C1F-A5F6-CDF4F106A6E9}.AppStore|iPhone.Build.0 = Release|Any CPU
		{DC479AD4-97A9-4C1F-A5F6-CDF4F106A6E9}.AppStore|iPhone.Deploy.0 = Release|Any CPU
		{DC479AD4-97A9-4C1F-A5F6-CDF4F106A6E9}.AppStore|iPhoneSimulator.ActiveCfg = Release|Any CPU
		{DC479AD4-97A9-4C1F-A5F6-CDF4F106A6E9}.AppStore|iPhoneSimulator.Build.0 = Release|Any CPU
		{DC479AD4-97A9-4C1F-A5F6-CDF4F106A6E9}.AppStore|iPhoneSimulator.Deploy.0 = Release|Any CPU
		{DC479AD4-97A9-4C1F-A5F6-CDF4F106A6E9}.AppStore|x64.ActiveCfg = Release|x64
		{DC479AD4-97A9-4C1F-A5F6-CDF4F106A6E9}.AppStore|x64.Build.0 = Release|x64
		{DC479AD4-97A9-4C1F-A5F6-CDF4F106A6E9}.AppStore|x64.Deploy.0 = Release|x64
		{DC479AD4-97A9-4C1F-A5F6-CDF4F106A6E9}.AppStore|x86.ActiveCfg = Release|x86
		{DC479AD4-97A9-4C1F-A5F6-CDF4F106A6E9}.AppStore|x86.Build.0 = Release|x86
		{DC479AD4-97A9-4C1F-A5F6-CDF4F106A6E9}.AppStore|x86.Deploy.0 = Release|x86
		{DC479AD4-97A9-4C1F-A5F6-CDF4F106A6E9}.Debug|Any CPU.ActiveCfg = Debug|Any CPU
		{DC479AD4-97A9-4C1F-A5F6-CDF4F106A6E9}.Debug|Any CPU.Build.0 = Debug|Any CPU
		{DC479AD4-97A9-4C1F-A5F6-CDF4F106A6E9}.Debug|Any CPU.Deploy.0 = Debug|Any CPU
		{DC479AD4-97A9-4C1F-A5F6-CDF4F106A6E9}.Debug|ARM.ActiveCfg = Debug|ARM
		{DC479AD4-97A9-4C1F-A5F6-CDF4F106A6E9}.Debug|ARM.Build.0 = Debug|ARM
		{DC479AD4-97A9-4C1F-A5F6-CDF4F106A6E9}.Debug|ARM.Deploy.0 = Debug|ARM
		{DC479AD4-97A9-4C1F-A5F6-CDF4F106A6E9}.Debug|iPhone.ActiveCfg = Debug|Any CPU
		{DC479AD4-97A9-4C1F-A5F6-CDF4F106A6E9}.Debug|iPhone.Build.0 = Debug|Any CPU
		{DC479AD4-97A9-4C1F-A5F6-CDF4F106A6E9}.Debug|iPhone.Deploy.0 = Debug|Any CPU
		{DC479AD4-97A9-4C1F-A5F6-CDF4F106A6E9}.Debug|iPhoneSimulator.ActiveCfg = Debug|Any CPU
		{DC479AD4-97A9-4C1F-A5F6-CDF4F106A6E9}.Debug|iPhoneSimulator.Build.0 = Debug|Any CPU
		{DC479AD4-97A9-4C1F-A5F6-CDF4F106A6E9}.Debug|iPhoneSimulator.Deploy.0 = Debug|Any CPU
		{DC479AD4-97A9-4C1F-A5F6-CDF4F106A6E9}.Debug|x64.ActiveCfg = Debug|x64
		{DC479AD4-97A9-4C1F-A5F6-CDF4F106A6E9}.Debug|x64.Build.0 = Debug|x64
		{DC479AD4-97A9-4C1F-A5F6-CDF4F106A6E9}.Debug|x64.Deploy.0 = Debug|x64
		{DC479AD4-97A9-4C1F-A5F6-CDF4F106A6E9}.Debug|x86.ActiveCfg = Debug|x86
		{DC479AD4-97A9-4C1F-A5F6-CDF4F106A6E9}.Debug|x86.Build.0 = Debug|x86
		{DC479AD4-97A9-4C1F-A5F6-CDF4F106A6E9}.Debug|x86.Deploy.0 = Debug|x86
		{DC479AD4-97A9-4C1F-A5F6-CDF4F106A6E9}.Release|Any CPU.ActiveCfg = Release|Any CPU
		{DC479AD4-97A9-4C1F-A5F6-CDF4F106A6E9}.Release|Any CPU.Build.0 = Release|Any CPU
		{DC479AD4-97A9-4C1F-A5F6-CDF4F106A6E9}.Release|Any CPU.Deploy.0 = Release|Any CPU
		{DC479AD4-97A9-4C1F-A5F6-CDF4F106A6E9}.Release|ARM.ActiveCfg = Release|ARM
		{DC479AD4-97A9-4C1F-A5F6-CDF4F106A6E9}.Release|ARM.Build.0 = Release|ARM
		{DC479AD4-97A9-4C1F-A5F6-CDF4F106A6E9}.Release|ARM.Deploy.0 = Release|ARM
		{DC479AD4-97A9-4C1F-A5F6-CDF4F106A6E9}.Release|iPhone.ActiveCfg = Release|Any CPU
		{DC479AD4-97A9-4C1F-A5F6-CDF4F106A6E9}.Release|iPhone.Build.0 = Release|Any CPU
		{DC479AD4-97A9-4C1F-A5F6-CDF4F106A6E9}.Release|iPhone.Deploy.0 = Release|Any CPU
		{DC479AD4-97A9-4C1F-A5F6-CDF4F106A6E9}.Release|iPhoneSimulator.ActiveCfg = Release|Any CPU
		{DC479AD4-97A9-4C1F-A5F6-CDF4F106A6E9}.Release|iPhoneSimulator.Build.0 = Release|Any CPU
		{DC479AD4-97A9-4C1F-A5F6-CDF4F106A6E9}.Release|iPhoneSimulator.Deploy.0 = Release|Any CPU
		{DC479AD4-97A9-4C1F-A5F6-CDF4F106A6E9}.Release|x64.ActiveCfg = Release|x64
		{DC479AD4-97A9-4C1F-A5F6-CDF4F106A6E9}.Release|x64.Build.0 = Release|x64
		{DC479AD4-97A9-4C1F-A5F6-CDF4F106A6E9}.Release|x64.Deploy.0 = Release|x64
		{DC479AD4-97A9-4C1F-A5F6-CDF4F106A6E9}.Release|x86.ActiveCfg = Release|x86
		{DC479AD4-97A9-4C1F-A5F6-CDF4F106A6E9}.Release|x86.Build.0 = Release|x86
		{DC479AD4-97A9-4C1F-A5F6-CDF4F106A6E9}.Release|x86.Deploy.0 = Release|x86
	EndGlobalSection
	GlobalSection(SolutionProperties) = preSolution
		HideSolutionNode = FALSE
	EndGlobalSection
EndGlobal
